// !$*UTF8*$!
{
	archiveVersion = 1;
	classes = {
	};
	objectVersion = 50;
	objects = {

/* Begin PBXBuildFile section */
		4FCCE2A6260ACB960063B3E4 /* AppDelegate.swift in Sources */ = {isa = PBXBuildFile; fileRef = 4FCCE2A5260ACB960063B3E4 /* AppDelegate.swift */; };
		4FCCE2A8260ACB960063B3E4 /* SceneDelegate.swift in Sources */ = {isa = PBXBuildFile; fileRef = 4FCCE2A7260ACB960063B3E4 /* SceneDelegate.swift */; };
		4FCCE2AA260ACB960063B3E4 /* ViewController.swift in Sources */ = {isa = PBXBuildFile; fileRef = 4FCCE2A9260ACB960063B3E4 /* ViewController.swift */; };
		4FCCE2AD260ACB960063B3E4 /* Main.storyboard in Resources */ = {isa = PBXBuildFile; fileRef = 4FCCE2AB260ACB960063B3E4 /* Main.storyboard */; };
		4FCCE2AF260ACB9B0063B3E4 /* Assets.xcassets in Resources */ = {isa = PBXBuildFile; fileRef = 4FCCE2AE260ACB9B0063B3E4 /* Assets.xcassets */; };
		4FCCE2B2260ACB9B0063B3E4 /* LaunchScreen.storyboard in Resources */ = {isa = PBXBuildFile; fileRef = 4FCCE2B0260ACB9B0063B3E4 /* LaunchScreen.storyboard */; };
		4FCCE2BD260ACB9C0063B3E4 /* CodePath_PreworkTests.swift in Sources */ = {isa = PBXBuildFile; fileRef = 4FCCE2BC260ACB9C0063B3E4 /* CodePath_PreworkTests.swift */; };
		4FCCE2C8260ACB9C0063B3E4 /* CodePath_PreworkUITests.swift in Sources */ = {isa = PBXBuildFile; fileRef = 4FCCE2C7260ACB9C0063B3E4 /* CodePath_PreworkUITests.swift */; };
/* End PBXBuildFile section */

/* Begin PBXContainerItemProxy section */
		4FCCE2B9260ACB9C0063B3E4 /* PBXContainerItemProxy */ = {
			isa = PBXContainerItemProxy;
			containerPortal = 4FCCE29A260ACB960063B3E4 /* Project object */;
			proxyType = 1;
			remoteGlobalIDString = 4FCCE2A1260ACB960063B3E4;
			remoteInfo = "CodePath Prework";
		};
		4FCCE2C4260ACB9C0063B3E4 /* PBXContainerItemProxy */ = {
			isa = PBXContainerItemProxy;
			containerPortal = 4FCCE29A260ACB960063B3E4 /* Project object */;
			proxyType = 1;
			remoteGlobalIDString = 4FCCE2A1260ACB960063B3E4;
			remoteInfo = "CodePath Prework";
		};
/* End PBXContainerItemProxy section */

/* Begin PBXFileReference section */
		4FCCE2A2260ACB960063B3E4 /* CodePath Prework.app */ = {isa = PBXFileReference; explicitFileType = wrapper.application; includeInIndex = 0; path = "CodePath Prework.app"; sourceTree = BUILT_PRODUCTS_DIR; };
		4FCCE2A5260ACB960063B3E4 /* AppDelegate.swift */ = {isa = PBXFileReference; lastKnownFileType = sourcecode.swift; path = AppDelegate.swift; sourceTree = "<group>"; };
		4FCCE2A7260ACB960063B3E4 /* SceneDelegate.swift */ = {isa = PBXFileReference; lastKnownFileType = sourcecode.swift; path = SceneDelegate.swift; sourceTree = "<group>"; };
		4FCCE2A9260ACB960063B3E4 /* ViewController.swift */ = {isa = PBXFileReference; lastKnownFileType = sourcecode.swift; path = ViewController.swift; sourceTree = "<group>"; };
		4FCCE2AC260ACB960063B3E4 /* Base */ = {isa = PBXFileReference; lastKnownFileType = file.storyboard; name = Base; path = Base.lproj/Main.storyboard; sourceTree = "<group>"; };
		4FCCE2AE260ACB9B0063B3E4 /* Assets.xcassets */ = {isa = PBXFileReference; lastKnownFileType = folder.assetcatalog; path = Assets.xcassets; sourceTree = "<group>"; };
		4FCCE2B1260ACB9B0063B3E4 /* Base */ = {isa = PBXFileReference; lastKnownFileType = file.storyboard; name = Base; path = Base.lproj/LaunchScreen.storyboard; sourceTree = "<group>"; };
		4FCCE2B3260ACB9B0063B3E4 /* Info.plist */ = {isa = PBXFileReference; lastKnownFileType = text.plist.xml; path = Info.plist; sourceTree = "<group>"; };
		4FCCE2B8260ACB9C0063B3E4 /* CodePath PreworkTests.xctest */ = {isa = PBXFileReference; explicitFileType = wrapper.cfbundle; includeInIndex = 0; path = "CodePath PreworkTests.xctest"; sourceTree = BUILT_PRODUCTS_DIR; };
		4FCCE2BC260ACB9C0063B3E4 /* CodePath_PreworkTests.swift */ = {isa = PBXFileReference; lastKnownFileType = sourcecode.swift; path = CodePath_PreworkTests.swift; sourceTree = "<group>"; };
		4FCCE2BE260ACB9C0063B3E4 /* Info.plist */ = {isa = PBXFileReference; lastKnownFileType = text.plist.xml; path = Info.plist; sourceTree = "<group>"; };
		4FCCE2C3260ACB9C0063B3E4 /* CodePath PreworkUITests.xctest */ = {isa = PBXFileReference; explicitFileType = wrapper.cfbundle; includeInIndex = 0; path = "CodePath PreworkUITests.xctest"; sourceTree = BUILT_PRODUCTS_DIR; };
		4FCCE2C7260ACB9C0063B3E4 /* CodePath_PreworkUITests.swift */ = {isa = PBXFileReference; lastKnownFileType = sourcecode.swift; path = CodePath_PreworkUITests.swift; sourceTree = "<group>"; };
		4FCCE2C9260ACB9C0063B3E4 /* Info.plist */ = {isa = PBXFileReference; lastKnownFileType = text.plist.xml; path = Info.plist; sourceTree = "<group>"; };
/* End PBXFileReference section */

/* Begin PBXFrameworksBuildPhase section */
		4FCCE29F260ACB960063B3E4 /* Frameworks */ = {
			isa = PBXFrameworksBuildPhase;
			buildActionMask = 2147483647;
			files = (
			);
			runOnlyForDeploymentPostprocessing = 0;
		};
		4FCCE2B5260ACB9C0063B3E4 /* Frameworks */ = {
			isa = PBXFrameworksBuildPhase;
			buildActionMask = 2147483647;
			files = (
			);
			runOnlyForDeploymentPostprocessing = 0;
		};
		4FCCE2C0260ACB9C0063B3E4 /* Frameworks */ = {
			isa = PBXFrameworksBuildPhase;
			buildActionMask = 2147483647;
			files = (
			);
			runOnlyForDeploymentPostprocessing = 0;
		};
/* End PBXFrameworksBuildPhase section */

/* Begin PBXGroup section */
		4FCCE299260ACB960063B3E4 = {
			isa = PBXGroup;
			children = (
				4FCCE2A4260ACB960063B3E4 /* CodePath Prework */,
				4FCCE2BB260ACB9C0063B3E4 /* CodePath PreworkTests */,
				4FCCE2C6260ACB9C0063B3E4 /* CodePath PreworkUITests */,
				4FCCE2A3260ACB960063B3E4 /* Products */,
			);
			sourceTree = "<group>";
		};
		4FCCE2A3260ACB960063B3E4 /* Products */ = {
			isa = PBXGroup;
			children = (
				4FCCE2A2260ACB960063B3E4 /* CodePath Prework.app */,
				4FCCE2B8260ACB9C0063B3E4 /* CodePath PreworkTests.xctest */,
				4FCCE2C3260ACB9C0063B3E4 /* CodePath PreworkUITests.xctest */,
			);
			name = Products;
			sourceTree = "<group>";
		};
		4FCCE2A4260ACB960063B3E4 /* CodePath Prework */ = {
			isa = PBXGroup;
			children = (
				4FCCE2A5260ACB960063B3E4 /* AppDelegate.swift */,
				4FCCE2A7260ACB960063B3E4 /* SceneDelegate.swift */,
				4FCCE2A9260ACB960063B3E4 /* ViewController.swift */,
				4FCCE2AB260ACB960063B3E4 /* Main.storyboard */,
				4FCCE2AE260ACB9B0063B3E4 /* Assets.xcassets */,
				4FCCE2B0260ACB9B0063B3E4 /* LaunchScreen.storyboard */,
				4FCCE2B3260ACB9B0063B3E4 /* Info.plist */,
			);
			path = "CodePath Prework";
			sourceTree = "<group>";
		};
		4FCCE2BB260ACB9C0063B3E4 /* CodePath PreworkTests */ = {
			isa = PBXGroup;
			children = (
				4FCCE2BC260ACB9C0063B3E4 /* CodePath_PreworkTests.swift */,
				4FCCE2BE260ACB9C0063B3E4 /* Info.plist */,
			);
			path = "CodePath PreworkTests";
			sourceTree = "<group>";
		};
		4FCCE2C6260ACB9C0063B3E4 /* CodePath PreworkUITests */ = {
			isa = PBXGroup;
			children = (
				4FCCE2C7260ACB9C0063B3E4 /* CodePath_PreworkUITests.swift */,
				4FCCE2C9260ACB9C0063B3E4 /* Info.plist */,
			);
			path = "CodePath PreworkUITests";
			sourceTree = "<group>";
		};
/* End PBXGroup section */

/* Begin PBXNativeTarget section */
		4FCCE2A1260ACB960063B3E4 /* CodePath Prework */ = {
			isa = PBXNativeTarget;
			buildConfigurationList = 4FCCE2CC260ACB9C0063B3E4 /* Build configuration list for PBXNativeTarget "CodePath Prework" */;
			buildPhases = (
				4FCCE29E260ACB960063B3E4 /* Sources */,
				4FCCE29F260ACB960063B3E4 /* Frameworks */,
				4FCCE2A0260ACB960063B3E4 /* Resources */,
			);
			buildRules = (
			);
			dependencies = (
			);
			name = "CodePath Prework";
			productName = "CodePath Prework";
			productReference = 4FCCE2A2260ACB960063B3E4 /* CodePath Prework.app */;
			productType = "com.apple.product-type.application";
		};
		4FCCE2B7260ACB9C0063B3E4 /* CodePath PreworkTests */ = {
			isa = PBXNativeTarget;
			buildConfigurationList = 4FCCE2CF260ACB9C0063B3E4 /* Build configuration list for PBXNativeTarget "CodePath PreworkTests" */;
			buildPhases = (
				4FCCE2B4260ACB9C0063B3E4 /* Sources */,
				4FCCE2B5260ACB9C0063B3E4 /* Frameworks */,
				4FCCE2B6260ACB9C0063B3E4 /* Resources */,
			);
			buildRules = (
			);
			dependencies = (
				4FCCE2BA260ACB9C0063B3E4 /* PBXTargetDependency */,
			);
			name = "CodePath PreworkTests";
			productName = "CodePath PreworkTests";
			productReference = 4FCCE2B8260ACB9C0063B3E4 /* CodePath PreworkTests.xctest */;
			productType = "com.apple.product-type.bundle.unit-test";
		};
		4FCCE2C2260ACB9C0063B3E4 /* CodePath PreworkUITests */ = {
			isa = PBXNativeTarget;
			buildConfigurationList = 4FCCE2D2260ACB9C0063B3E4 /* Build configuration list for PBXNativeTarget "CodePath PreworkUITests" */;
			buildPhases = (
				4FCCE2BF260ACB9C0063B3E4 /* Sources */,
				4FCCE2C0260ACB9C0063B3E4 /* Frameworks */,
				4FCCE2C1260ACB9C0063B3E4 /* Resources */,
			);
			buildRules = (
			);
			dependencies = (
				4FCCE2C5260ACB9C0063B3E4 /* PBXTargetDependency */,
			);
			name = "CodePath PreworkUITests";
			productName = "CodePath PreworkUITests";
			productReference = 4FCCE2C3260ACB9C0063B3E4 /* CodePath PreworkUITests.xctest */;
			productType = "com.apple.product-type.bundle.ui-testing";
		};
/* End PBXNativeTarget section */

/* Begin PBXProject section */
		4FCCE29A260ACB960063B3E4 /* Project object */ = {
			isa = PBXProject;
			attributes = {
				LastSwiftUpdateCheck = 1240;
				LastUpgradeCheck = 1240;
				TargetAttributes = {
					4FCCE2A1260ACB960063B3E4 = {
						CreatedOnToolsVersion = 12.4;
					};
					4FCCE2B7260ACB9C0063B3E4 = {
						CreatedOnToolsVersion = 12.4;
						TestTargetID = 4FCCE2A1260ACB960063B3E4;
					};
					4FCCE2C2260ACB9C0063B3E4 = {
						CreatedOnToolsVersion = 12.4;
						TestTargetID = 4FCCE2A1260ACB960063B3E4;
					};
				};
			};
			buildConfigurationList = 4FCCE29D260ACB960063B3E4 /* Build configuration list for PBXProject "CodePath Prework" */;
			compatibilityVersion = "Xcode 9.3";
			developmentRegion = en;
			hasScannedForEncodings = 0;
			knownRegions = (
				en,
				Base,
			);
			mainGroup = 4FCCE299260ACB960063B3E4;
			productRefGroup = 4FCCE2A3260ACB960063B3E4 /* Products */;
			projectDirPath = "";
			projectRoot = "";
			targets = (
				4FCCE2A1260ACB960063B3E4 /* CodePath Prework */,
				4FCCE2B7260ACB9C0063B3E4 /* CodePath PreworkTests */,
				4FCCE2C2260ACB9C0063B3E4 /* CodePath PreworkUITests */,
			);
		};
/* End PBXProject section */

/* Begin PBXResourcesBuildPhase section */
		4FCCE2A0260ACB960063B3E4 /* Resources */ = {
			isa = PBXResourcesBuildPhase;
			buildActionMask = 2147483647;
			files = (
				4FCCE2B2260ACB9B0063B3E4 /* LaunchScreen.storyboard in Resources */,
				4FCCE2AF260ACB9B0063B3E4 /* Assets.xcassets in Resources */,
				4FCCE2AD260ACB960063B3E4 /* Main.storyboard in Resources */,
			);
			runOnlyForDeploymentPostprocessing = 0;
		};
		4FCCE2B6260ACB9C0063B3E4 /* Resources */ = {
			isa = PBXResourcesBuildPhase;
			buildActionMask = 2147483647;
			files = (
			);
			runOnlyForDeploymentPostprocessing = 0;
		};
		4FCCE2C1260ACB9C0063B3E4 /* Resources */ = {
			isa = PBXResourcesBuildPhase;
			buildActionMask = 2147483647;
			files = (
			);
			runOnlyForDeploymentPostprocessing = 0;
		};
/* End PBXResourcesBuildPhase section */

/* Begin PBXSourcesBuildPhase section */
		4FCCE29E260ACB960063B3E4 /* Sources */ = {
			isa = PBXSourcesBuildPhase;
			buildActionMask = 2147483647;
			files = (
				4FCCE2AA260ACB960063B3E4 /* ViewController.swift in Sources */,
				4FCCE2A6260ACB960063B3E4 /* AppDelegate.swift in Sources */,
				4FCCE2A8260ACB960063B3E4 /* SceneDelegate.swift in Sources */,
			);
			runOnlyForDeploymentPostprocessing = 0;
		};
		4FCCE2B4260ACB9C0063B3E4 /* Sources */ = {
			isa = PBXSourcesBuildPhase;
			buildActionMask = 2147483647;
			files = (
				4FCCE2BD260ACB9C0063B3E4 /* CodePath_PreworkTests.swift in Sources */,
			);
			runOnlyForDeploymentPostprocessing = 0;
		};
		4FCCE2BF260ACB9C0063B3E4 /* Sources */ = {
			isa = PBXSourcesBuildPhase;
			buildActionMask = 2147483647;
			files = (
				4FCCE2C8260ACB9C0063B3E4 /* CodePath_PreworkUITests.swift in Sources */,
			);
			runOnlyForDeploymentPostprocessing = 0;
		};
/* End PBXSourcesBuildPhase section */

/* Begin PBXTargetDependency section */
		4FCCE2BA260ACB9C0063B3E4 /* PBXTargetDependency */ = {
			isa = PBXTargetDependency;
			target = 4FCCE2A1260ACB960063B3E4 /* CodePath Prework */;
			targetProxy = 4FCCE2B9260ACB9C0063B3E4 /* PBXContainerItemProxy */;
		};
		4FCCE2C5260ACB9C0063B3E4 /* PBXTargetDependency */ = {
			isa = PBXTargetDependency;
			target = 4FCCE2A1260ACB960063B3E4 /* CodePath Prework */;
			targetProxy = 4FCCE2C4260ACB9C0063B3E4 /* PBXContainerItemProxy */;
		};
/* End PBXTargetDependency section */

/* Begin PBXVariantGroup section */
		4FCCE2AB260ACB960063B3E4 /* Main.storyboard */ = {
			isa = PBXVariantGroup;
			children = (
				4FCCE2AC260ACB960063B3E4 /* Base */,
			);
			name = Main.storyboard;
			sourceTree = "<group>";
		};
		4FCCE2B0260ACB9B0063B3E4 /* LaunchScreen.storyboard */ = {
			isa = PBXVariantGroup;
			children = (
				4FCCE2B1260ACB9B0063B3E4 /* Base */,
			);
			name = LaunchScreen.storyboard;
			sourceTree = "<group>";
		};
/* End PBXVariantGroup section */

/* Begin XCBuildConfiguration section */
		4FCCE2CA260ACB9C0063B3E4 /* Debug */ = {
			isa = XCBuildConfiguration;
			buildSettings = {
				ALWAYS_SEARCH_USER_PATHS = NO;
				CLANG_ANALYZER_NONNULL = YES;
				CLANG_ANALYZER_NUMBER_OBJECT_CONVERSION = YES_AGGRESSIVE;
				CLANG_CXX_LANGUAGE_STANDARD = "gnu++14";
				CLANG_CXX_LIBRARY = "libc++";
				CLANG_ENABLE_MODULES = YES;
				CLANG_ENABLE_OBJC_ARC = YES;
				CLANG_ENABLE_OBJC_WEAK = YES;
				CLANG_WARN_BLOCK_CAPTURE_AUTORELEASING = YES;
				CLANG_WARN_BOOL_CONVERSION = YES;
				CLANG_WARN_COMMA = YES;
				CLANG_WARN_CONSTANT_CONVERSION = YES;
				CLANG_WARN_DEPRECATED_OBJC_IMPLEMENTATIONS = YES;
				CLANG_WARN_DIRECT_OBJC_ISA_USAGE = YES_ERROR;
				CLANG_WARN_DOCUMENTATION_COMMENTS = YES;
				CLANG_WARN_EMPTY_BODY = YES;
				CLANG_WARN_ENUM_CONVERSION = YES;
				CLANG_WARN_INFINITE_RECURSION = YES;
				CLANG_WARN_INT_CONVERSION = YES;
				CLANG_WARN_NON_LITERAL_NULL_CONVERSION = YES;
				CLANG_WARN_OBJC_IMPLICIT_RETAIN_SELF = YES;
				CLANG_WARN_OBJC_LITERAL_CONVERSION = YES;
				CLANG_WARN_OBJC_ROOT_CLASS = YES_ERROR;
				CLANG_WARN_QUOTED_INCLUDE_IN_FRAMEWORK_HEADER = YES;
				CLANG_WARN_RANGE_LOOP_ANALYSIS = YES;
				CLANG_WARN_STRICT_PROTOTYPES = YES;
				CLANG_WARN_SUSPICIOUS_MOVE = YES;
				CLANG_WARN_UNGUARDED_AVAILABILITY = YES_AGGRESSIVE;
				CLANG_WARN_UNREACHABLE_CODE = YES;
				CLANG_WARN__DUPLICATE_METHOD_MATCH = YES;
				COPY_PHASE_STRIP = NO;
				DEBUG_INFORMATION_FORMAT = dwarf;
				ENABLE_STRICT_OBJC_MSGSEND = YES;
				ENABLE_TESTABILITY = YES;
				GCC_C_LANGUAGE_STANDARD = gnu11;
				GCC_DYNAMIC_NO_PIC = NO;
				GCC_NO_COMMON_BLOCKS = YES;
				GCC_OPTIMIZATION_LEVEL = 0;
				GCC_PREPROCESSOR_DEFINITIONS = (
					"DEBUG=1",
					"$(inherited)",
				);
				GCC_WARN_64_TO_32_BIT_CONVERSION = YES;
				GCC_WARN_ABOUT_RETURN_TYPE = YES_ERROR;
				GCC_WARN_UNDECLARED_SELECTOR = YES;
				GCC_WARN_UNINITIALIZED_AUTOS = YES_AGGRESSIVE;
				GCC_WARN_UNUSED_FUNCTION = YES;
				GCC_WARN_UNUSED_VARIABLE = YES;
				IPHONEOS_DEPLOYMENT_TARGET = 14.4;
				MTL_ENABLE_DEBUG_INFO = INCLUDE_SOURCE;
				MTL_FAST_MATH = YES;
				ONLY_ACTIVE_ARCH = YES;
				SDKROOT = iphoneos;
				SWIFT_ACTIVE_COMPILATION_CONDITIONS = DEBUG;
				SWIFT_OPTIMIZATION_LEVEL = "-Onone";
			};
			name = Debug;
		};
		4FCCE2CB260ACB9C0063B3E4 /* Release */ = {
			isa = XCBuildConfiguration;
			buildSettings = {
				ALWAYS_SEARCH_USER_PATHS = NO;
				CLANG_ANALYZER_NONNULL = YES;
				CLANG_ANALYZER_NUMBER_OBJECT_CONVERSION = YES_AGGRESSIVE;
				CLANG_CXX_LANGUAGE_STANDARD = "gnu++14";
				CLANG_CXX_LIBRARY = "libc++";
				CLANG_ENABLE_MODULES = YES;
				CLANG_ENABLE_OBJC_ARC = YES;
				CLANG_ENABLE_OBJC_WEAK = YES;
				CLANG_WARN_BLOCK_CAPTURE_AUTORELEASING = YES;
				CLANG_WARN_BOOL_CONVERSION = YES;
				CLANG_WARN_COMMA = YES;
				CLANG_WARN_CONSTANT_CONVERSION = YES;
				CLANG_WARN_DEPRECATED_OBJC_IMPLEMENTATIONS = YES;
				CLANG_WARN_DIRECT_OBJC_ISA_USAGE = YES_ERROR;
				CLANG_WARN_DOCUMENTATION_COMMENTS = YES;
				CLANG_WARN_EMPTY_BODY = YES;
				CLANG_WARN_ENUM_CONVERSION = YES;
				CLANG_WARN_INFINITE_RECURSION = YES;
				CLANG_WARN_INT_CONVERSION = YES;
				CLANG_WARN_NON_LITERAL_NULL_CONVERSION = YES;
				CLANG_WARN_OBJC_IMPLICIT_RETAIN_SELF = YES;
				CLANG_WARN_OBJC_LITERAL_CONVERSION = YES;
				CLANG_WARN_OBJC_ROOT_CLASS = YES_ERROR;
				CLANG_WARN_QUOTED_INCLUDE_IN_FRAMEWORK_HEADER = YES;
				CLANG_WARN_RANGE_LOOP_ANALYSIS = YES;
				CLANG_WARN_STRICT_PROTOTYPES = YES;
				CLANG_WARN_SUSPICIOUS_MOVE = YES;
				CLANG_WARN_UNGUARDED_AVAILABILITY = YES_AGGRESSIVE;
				CLANG_WARN_UNREACHABLE_CODE = YES;
				CLANG_WARN__DUPLICATE_METHOD_MATCH = YES;
				COPY_PHASE_STRIP = NO;
				DEBUG_INFORMATION_FORMAT = "dwarf-with-dsym";
				ENABLE_NS_ASSERTIONS = NO;
				ENABLE_STRICT_OBJC_MSGSEND = YES;
				GCC_C_LANGUAGE_STANDARD = gnu11;
				GCC_NO_COMMON_BLOCKS = YES;
				GCC_WARN_64_TO_32_BIT_CONVERSION = YES;
				GCC_WARN_ABOUT_RETURN_TYPE = YES_ERROR;
				GCC_WARN_UNDECLARED_SELECTOR = YES;
				GCC_WARN_UNINITIALIZED_AUTOS = YES_AGGRESSIVE;
				GCC_WARN_UNUSED_FUNCTION = YES;
				GCC_WARN_UNUSED_VARIABLE = YES;
				IPHONEOS_DEPLOYMENT_TARGET = 14.4;
				MTL_ENABLE_DEBUG_INFO = NO;
				MTL_FAST_MATH = YES;
				SDKROOT = iphoneos;
				SWIFT_COMPILATION_MODE = wholemodule;
				SWIFT_OPTIMIZATION_LEVEL = "-O";
				VALIDATE_PRODUCT = YES;
			};
			name = Release;
		};
		4FCCE2CD260ACB9C0063B3E4 /* Debug */ = {
			isa = XCBuildConfiguration;
			buildSettings = {
				ASSETCATALOG_COMPILER_APPICON_NAME = AppIcon;
				ASSETCATALOG_COMPILER_GLOBAL_ACCENT_COLOR_NAME = AccentColor;
				CODE_SIGN_STYLE = Automatic;
				INFOPLIST_FILE = "CodePath Prework/Info.plist";
				LD_RUNPATH_SEARCH_PATHS = (
					"$(inherited)",
					"@executable_path/Frameworks",
				);
				PRODUCT_BUNDLE_IDENTIFIER = "memo.com.CodePath-Prework";
				PRODUCT_NAME = "$(TARGET_NAME)";
				SWIFT_VERSION = 5.0;
				TARGETED_DEVICE_FAMILY = "1,2";
			};
			name = Debug;
		};
		4FCCE2CE260ACB9C0063B3E4 /* Release */ = {
			isa = XCBuildConfiguration;
			buildSettings = {
				ASSETCATALOG_COMPILER_APPICON_NAME = AppIcon;
				ASSETCATALOG_COMPILER_GLOBAL_ACCENT_COLOR_NAME = AccentColor;
				CODE_SIGN_STYLE = Automatic;
				INFOPLIST_FILE = "CodePath Prework/Info.plist";
				LD_RUNPATH_SEARCH_PATHS = (
					"$(inherited)",
					"@executable_path/Frameworks",
				);
				PRODUCT_BUNDLE_IDENTIFIER = "memo.com.CodePath-Prework";
				PRODUCT_NAME = "$(TARGET_NAME)";
				SWIFT_VERSION = 5.0;
				TARGETED_DEVICE_FAMILY = "1,2";
			};
			name = Release;
		};
		4FCCE2D0260ACB9C0063B3E4 /* Debug */ = {
			isa = XCBuildConfiguration;
			buildSettings = {
				ALWAYS_EMBED_SWIFT_STANDARD_LIBRARIES = YES;
				BUNDLE_LOADER = "$(TEST_HOST)";
				CODE_SIGN_STYLE = Automatic;
				INFOPLIST_FILE = "CodePath PreworkTests/Info.plist";
				IPHONEOS_DEPLOYMENT_TARGET = 14.4;
				LD_RUNPATH_SEARCH_PATHS = (
					"$(inherited)",
					"@executable_path/Frameworks",
					"@loader_path/Frameworks",
				);
				PRODUCT_BUNDLE_IDENTIFIER = "memo.com.CodePath-PreworkTests";
				PRODUCT_NAME = "$(TARGET_NAME)";
				SWIFT_VERSION = 5.0;
				TARGETED_DEVICE_FAMILY = "1,2";
				TEST_HOST = "$(BUILT_PRODUCTS_DIR)/CodePath Prework.app/CodePath Prework";
			};
			name = Debug;
		};
		4FCCE2D1260ACB9C0063B3E4 /* Release */ = {
			isa = XCBuildConfiguration;
			buildSettings = {
				ALWAYS_EMBED_SWIFT_STANDARD_LIBRARIES = YES;
				BUNDLE_LOADER = "$(TEST_HOST)";
				CODE_SIGN_STYLE = Automatic;
				INFOPLIST_FILE = "CodePath PreworkTests/Info.plist";
				IPHONEOS_DEPLOYMENT_TARGET = 14.4;
				LD_RUNPATH_SEARCH_PATHS = (
					"$(inherited)",
					"@executable_path/Frameworks",
					"@loader_path/Frameworks",
				);
				PRODUCT_BUNDLE_IDENTIFIER = "memo.com.CodePath-PreworkTests";
				PRODUCT_NAME = "$(TARGET_NAME)";
				SWIFT_VERSION = 5.0;
				TARGETED_DEVICE_FAMILY = "1,2";
				TEST_HOST = "$(BUILT_PRODUCTS_DIR)/CodePath Prework.app/CodePath Prework";
			};
			name = Release;
		};
		4FCCE2D3260ACB9C0063B3E4 /* Debug */ = {
			isa = XCBuildConfiguration;
			buildSettings = {
				ALWAYS_EMBED_SWIFT_STANDARD_LIBRARIES = YES;
				CODE_SIGN_STYLE = Automatic;
				INFOPLIST_FILE = "CodePath PreworkUITests/Info.plist";
				LD_RUNPATH_SEARCH_PATHS = (
					"$(inherited)",
					"@executable_path/Frameworks",
					"@loader_path/Frameworks",
				);
				PRODUCT_BUNDLE_IDENTIFIER = "memo.com.CodePath-PreworkUITests";
				PRODUCT_NAME = "$(TARGET_NAME)";
				SWIFT_VERSION = 5.0;
				TARGETED_DEVICE_FAMILY = "1,2";
				TEST_TARGET_NAME = "CodePath Prework";
			};
			name = Debug;
		};
		4FCCE2D4260ACB9C0063B3E4 /* Release */ = {
			isa = XCBuildConfiguration;
			buildSettings = {
				ALWAYS_EMBED_SWIFT_STANDARD_LIBRARIES = YES;
				CODE_SIGN_STYLE = Automatic;
				INFOPLIST_FILE = "CodePath PreworkUITests/Info.plist";
				LD_RUNPATH_SEARCH_PATHS = (
					"$(inherited)",
					"@executable_path/Frameworks",
					"@loader_path/Frameworks",
				);
				PRODUCT_BUNDLE_IDENTIFIER = "memo.com.CodePath-PreworkUITests";
				PRODUCT_NAME = "$(TARGET_NAME)";
				SWIFT_VERSION = 5.0;
				TARGETED_DEVICE_FAMILY = "1,2";
				TEST_TARGET_NAME = "CodePath Prework";
			};
			name = Release;
		};
/* End XCBuildConfiguration section */

/* Begin XCConfigurationList section */
		4FCCE29D260ACB960063B3E4 /* Build configuration list for PBXProject "CodePath Prework" */ = {
			isa = XCConfigurationList;
			buildConfigurations = (
				4FCCE2CA260ACB9C0063B3E4 /* Debug */,
				4FCCE2CB260ACB9C0063B3E4 /* Release */,
			);
			defaultConfigurationIsVisible = 0;
			defaultConfigurationName = Release;
		};
		4FCCE2CC260ACB9C0063B3E4 /* Build configuration list for PBXNativeTarget "CodePath Prework" */ = {
			isa = XCConfigurationList;
			buildConfigurations = (
				4FCCE2CD260ACB9C0063B3E4 /* Debug */,
				4FCCE2CE260ACB9C0063B3E4 /* Release */,
			);
			defaultConfigurationIsVisible = 0;
			defaultConfigurationName = Release;
		};
		4FCCE2CF260ACB9C0063B3E4 /* Build configuration list for PBXNativeTarget "CodePath PreworkTests" */ = {
			isa = XCConfigurationList;
			buildConfigurations = (
				4FCCE2D0260ACB9C0063B3E4 /* Debug */,
				4FCCE2D1260ACB9C0063B3E4 /* Release */,
			);
			defaultConfigurationIsVisible = 0;
			defaultConfigurationName = Release;
		};
		4FCCE2D2260ACB9C0063B3E4 /* Build configuration list for PBXNativeTarget "CodePath PreworkUITests" */ = {
			isa = XCConfigurationList;
			buildConfigurations = (
				4FCCE2D3260ACB9C0063B3E4 /* Debug */,
				4FCCE2D4260ACB9C0063B3E4 /* Release */,
			);
			defaultConfigurationIsVisible = 0;
			defaultConfigurationName = Release;
		};
/* End XCConfigurationList section */
	};
	rootObject = 4FCCE29A260ACB960063B3E4 /* Project object */;
}
